
Microsoft Visual Studio Solution File, Format Version 12.00
# Visual Studio 15
VisualStudioVersion = 15.0.28307.438
MinimumVisualStudioVersion = 10.0.40219.1
Project("{FAE04EC0-301F-11D3-BF4B-00C04F79EFBC}") = "DotNetReq2Offer", "DotNetReq2Offer\DotNetReq2Offer.csproj", "{4CF0B860-AC5D-4BF8-B25D-C337B4336BF4}"
EndProject
Global
	GlobalSection(SolutionConfigurationPlatforms) = preSolution
		Debug|Any CPU = Debug|Any CPU
		Release|Any CPU = Release|Any CPU
	EndGlobalSection
	GlobalSection(ProjectConfigurationPlatforms) = postSolution
		{4CF0B860-AC5D-4BF8-B25D-C337B4336BF4}.Debug|Any CPU.ActiveCfg = Debug|Any CPU
		{4CF0B860-AC5D-4BF8-B25D-C337B4336BF4}.Debug|Any CPU.Build.0 = Debug|Any CPU
		{4CF0B860-AC5D-4BF8-B25D-C337B4336BF4}.Release|Any CPU.ActiveCfg = Release|Any CPU
		{4CF0B860-AC5D-4BF8-B25D-C337B4336BF4}.Release|Any CPU.Build.0 = Release|Any CPU
	EndGlobalSection
	GlobalSection(SolutionProperties) = preSolution
		HideSolutionNode = FALSE
	EndGlobalSection
	GlobalSection(ExtensibilityGlobals) = postSolution
		SolutionGuid = {0F409C0D-FF51-4343-8D7A-493A75F05D1D}
	EndGlobalSection
EndGlobal
